
Microsoft Visual Studio Solution File, Format Version 12.00
# Visual Studio Version 17
VisualStudioVersion = 17.2.32519.379
MinimumVisualStudioVersion = 10.0.40219.1
Project("{FAE04EC0-301F-11D3-BF4B-00C04F79EFBC}") = "Reflection", "Reflection\Reflection.csproj", "{8CE53FFB-EA5E-49C1-881F-D7B6C2CFBD74}"
EndProject
Global
	GlobalSection(SolutionConfigurationPlatforms) = preSolution
		Debug|Any CPU = Debug|Any CPU
		Release|Any CPU = Release|Any CPU
	EndGlobalSection
	GlobalSection(ProjectConfigurationPlatforms) = postSolution
		{8CE53FFB-EA5E-49C1-881F-D7B6C2CFBD74}.Debug|Any CPU.ActiveCfg = Debug|Any CPU
		{8CE53FFB-EA5E-49C1-881F-D7B6C2CFBD74}.Debug|Any CPU.Build.0 = Debug|Any CPU
		{8CE53FFB-EA5E-49C1-881F-D7B6C2CFBD74}.Release|Any CPU.ActiveCfg = Release|Any CPU
		{8CE53FFB-EA5E-49C1-881F-D7B6C2CFBD74}.Release|Any CPU.Build.0 = Release|Any CPU
	EndGlobalSection
	GlobalSection(SolutionProperties) = preSolution
		HideSolutionNode = FALSE
	EndGlobalSection
	GlobalSection(ExtensibilityGlobals) = postSolution
		SolutionGuid = {DAE3F872-7717-493A-99A1-903DEA672192}
	EndGlobalSection
EndGlobal
